
Microsoft Visual Studio Solution File, Format Version 12.00
# Visual Studio 15
VisualStudioVersion = 15.0.27703.2042
MinimumVisualStudioVersion = 10.0.40219.1
Project("{FAE04EC0-301F-11D3-BF4B-00C04F79EFBC}") = "FlightBookingDemo", "FlightBookingDemo\FlightBookingDemo.csproj", "{C6AF91C0-A7F9-4F5F-9C6D-854E52B24E0D}"
EndProject
Global
	GlobalSection(SolutionConfigurationPlatforms) = preSolution
		Debug|Any CPU = Debug|Any CPU
		Release|Any CPU = Release|Any CPU
	EndGlobalSection
	GlobalSection(ProjectConfigurationPlatforms) = postSolution
		{C6AF91C0-A7F9-4F5F-9C6D-854E52B24E0D}.Debug|Any CPU.ActiveCfg = Debug|Any CPU
		{C6AF91C0-A7F9-4F5F-9C6D-854E52B24E0D}.Debug|Any CPU.Build.0 = Debug|Any CPU
		{C6AF91C0-A7F9-4F5F-9C6D-854E52B24E0D}.Release|Any CPU.ActiveCfg = Release|Any CPU
		{C6AF91C0-A7F9-4F5F-9C6D-854E52B24E0D}.Release|Any CPU.Build.0 = Release|Any CPU
	EndGlobalSection
	GlobalSection(SolutionProperties) = preSolution
		HideSolutionNode = FALSE
	EndGlobalSection
	GlobalSection(ExtensibilityGlobals) = postSolution
		SolutionGuid = {634BA910-3793-4A4F-AA14-4A59A14BC429}
	EndGlobalSection
EndGlobal
